
Microsoft Visual Studio Solution File, Format Version 12.00
# Visual Studio 15
VisualStudioVersion = 15.0.26730.15
MinimumVisualStudioVersion = 10.0.40219.1
Project("{FAE04EC0-301F-11D3-BF4B-00C04F79EFBC}") = "myOEMInfo", "myOEMInfo\myOEMInfo.csproj", "{5CA322F8-658F-4DEE-9B9D-D9CA4675725A}"
EndProject
Global
	GlobalSection(SolutionConfigurationPlatforms) = preSolution
		Debug|Any CPU = Debug|Any CPU
		Release|Any CPU = Release|Any CPU
	EndGlobalSection
	GlobalSection(ProjectConfigurationPlatforms) = postSolution
		{5CA322F8-658F-4DEE-9B9D-D9CA4675725A}.Debug|Any CPU.ActiveCfg = Debug|Any CPU
		{5CA322F8-658F-4DEE-9B9D-D9CA4675725A}.Debug|Any CPU.Build.0 = Debug|Any CPU
		{5CA322F8-658F-4DEE-9B9D-D9CA4675725A}.Release|Any CPU.ActiveCfg = Release|Any CPU
		{5CA322F8-658F-4DEE-9B9D-D9CA4675725A}.Release|Any CPU.Build.0 = Release|Any CPU
	EndGlobalSection
	GlobalSection(SolutionProperties) = preSolution
		HideSolutionNode = FALSE
	EndGlobalSection
	GlobalSection(ExtensibilityGlobals) = postSolution
		SolutionGuid = {99CD7A52-7879-4DED-B50B-98ADA0C6AEEE}
	EndGlobalSection
EndGlobal
